
Microsoft Visual Studio Solution File, Format Version 12.00
Project("{FAE04EC0-301F-11D3-BF4B-00C04F79EFBC}") = "Server", "Server\Server.csproj", "{7DB36B23-275A-45D9-852E-CBCE9B7D2ABD}"
EndProject
Project("{FAE04EC0-301F-11D3-BF4B-00C04F79EFBC}") = "Game", "Game\Game.csproj", "{110256A6-7D9A-421C-BAEC-504661E00BEE}"
EndProject
Project("{FAE04EC0-301F-11D3-BF4B-00C04F79EFBC}") = "CitrusTypes", "CitrusTypes\CitrusTypes.csproj", "{8EA319AD-5BAC-40C2-A9EA-A56B3BD8C0C5}"
EndProject
Project("{FAE04EC0-301F-11D3-BF4B-00C04F79EFBC}") = "Scenes", "Scenes\Scenes.csproj", "{9887D9F0-25B5-4990-AAEA-A1FBDD0E8DC6}"
EndProject
Project("{FAE04EC0-301F-11D3-BF4B-00C04F79EFBC}") = "Application.Win", "Application.Win\Application.Win.csproj", "{F1204372-3B83-4B03-9477-224CACCCB5F5}"
EndProject
Project("{FAE04EC0-301F-11D3-BF4B-00C04F79EFBC}") = "ConsoleClient", "ConsoleClient\ConsoleClient.csproj", "{1E8CFF79-C291-460C-8257-597921F7F89B}"
EndProject
Project("{FAE04EC0-301F-11D3-BF4B-00C04F79EFBC}") = "CitrusPlugin.Win", "CitrusPlugin\CitrusPlugin.Win.csproj", "{290DC176-0848-4A4A-BC99-500A6AF8D003}"
EndProject
Project("{FAE04EC0-301F-11D3-BF4B-00C04F79EFBC}") = "VoiceResponseModule", "VoiceResponseModule\VoiceResponseModule.csproj", "{6EB1400D-2CBA-4C44-B0ED-1BFB1119656E}"
EndProject
Project("{FAE04EC0-301F-11D3-BF4B-00C04F79EFBC}") = "SharedObjects", "SharedObjects\SharedObjects.csproj", "{4CB91A7D-F60E-41E5-8132-269896D37ACF}"
EndProject
Project("{FAE04EC0-301F-11D3-BF4B-00C04F79EFBC}") = "Playground", "Playground\Playground.csproj", "{77CC6308-083E-41E8-B86A-F2809A220048}"
EndProject
Global
	GlobalSection(SolutionConfigurationPlatforms) = preSolution
		Debug|Any CPU = Debug|Any CPU
		Release|Any CPU = Release|Any CPU
	EndGlobalSection
	GlobalSection(ProjectConfigurationPlatforms) = postSolution
		{7DB36B23-275A-45D9-852E-CBCE9B7D2ABD}.Debug|Any CPU.ActiveCfg = Debug|Any CPU
		{7DB36B23-275A-45D9-852E-CBCE9B7D2ABD}.Debug|Any CPU.Build.0 = Debug|Any CPU
		{7DB36B23-275A-45D9-852E-CBCE9B7D2ABD}.Release|Any CPU.ActiveCfg = Release|Any CPU
		{7DB36B23-275A-45D9-852E-CBCE9B7D2ABD}.Release|Any CPU.Build.0 = Release|Any CPU
		{110256A6-7D9A-421C-BAEC-504661E00BEE}.Debug|Any CPU.ActiveCfg = Debug|Any CPU
		{110256A6-7D9A-421C-BAEC-504661E00BEE}.Debug|Any CPU.Build.0 = Debug|Any CPU
		{110256A6-7D9A-421C-BAEC-504661E00BEE}.Release|Any CPU.ActiveCfg = Release|Any CPU
		{110256A6-7D9A-421C-BAEC-504661E00BEE}.Release|Any CPU.Build.0 = Release|Any CPU
		{8EA319AD-5BAC-40C2-A9EA-A56B3BD8C0C5}.Debug|Any CPU.ActiveCfg = Debug|Any CPU
		{8EA319AD-5BAC-40C2-A9EA-A56B3BD8C0C5}.Debug|Any CPU.Build.0 = Debug|Any CPU
		{8EA319AD-5BAC-40C2-A9EA-A56B3BD8C0C5}.Release|Any CPU.ActiveCfg = Release|Any CPU
		{8EA319AD-5BAC-40C2-A9EA-A56B3BD8C0C5}.Release|Any CPU.Build.0 = Release|Any CPU
		{9887D9F0-25B5-4990-AAEA-A1FBDD0E8DC6}.Debug|Any CPU.ActiveCfg = Debug|Any CPU
		{9887D9F0-25B5-4990-AAEA-A1FBDD0E8DC6}.Debug|Any CPU.Build.0 = Debug|Any CPU
		{9887D9F0-25B5-4990-AAEA-A1FBDD0E8DC6}.Release|Any CPU.ActiveCfg = Release|Any CPU
		{9887D9F0-25B5-4990-AAEA-A1FBDD0E8DC6}.Release|Any CPU.Build.0 = Release|Any CPU
		{F1204372-3B83-4B03-9477-224CACCCB5F5}.Debug|Any CPU.ActiveCfg = Debug|Any CPU
		{F1204372-3B83-4B03-9477-224CACCCB5F5}.Debug|Any CPU.Build.0 = Debug|Any CPU
		{F1204372-3B83-4B03-9477-224CACCCB5F5}.Release|Any CPU.ActiveCfg = Release|Any CPU
		{F1204372-3B83-4B03-9477-224CACCCB5F5}.Release|Any CPU.Build.0 = Release|Any CPU
		{1E8CFF79-C291-460C-8257-597921F7F89B}.Debug|Any CPU.ActiveCfg = Debug|Any CPU
		{1E8CFF79-C291-460C-8257-597921F7F89B}.Debug|Any CPU.Build.0 = Debug|Any CPU
		{1E8CFF79-C291-460C-8257-597921F7F89B}.Release|Any CPU.ActiveCfg = Release|Any CPU
		{1E8CFF79-C291-460C-8257-597921F7F89B}.Release|Any CPU.Build.0 = Release|Any CPU
		{290DC176-0848-4A4A-BC99-500A6AF8D003}.Debug|Any CPU.ActiveCfg = Debug|Any CPU
		{290DC176-0848-4A4A-BC99-500A6AF8D003}.Debug|Any CPU.Build.0 = Debug|Any CPU
		{290DC176-0848-4A4A-BC99-500A6AF8D003}.Release|Any CPU.ActiveCfg = Release|Any CPU
		{290DC176-0848-4A4A-BC99-500A6AF8D003}.Release|Any CPU.Build.0 = Release|Any CPU
		{6EB1400D-2CBA-4C44-B0ED-1BFB1119656E}.Debug|Any CPU.ActiveCfg = Debug|Any CPU
		{6EB1400D-2CBA-4C44-B0ED-1BFB1119656E}.Debug|Any CPU.Build.0 = Debug|Any CPU
		{6EB1400D-2CBA-4C44-B0ED-1BFB1119656E}.Release|Any CPU.ActiveCfg = Release|Any CPU
		{6EB1400D-2CBA-4C44-B0ED-1BFB1119656E}.Release|Any CPU.Build.0 = Release|Any CPU
		{4CB91A7D-F60E-41E5-8132-269896D37ACF}.Debug|Any CPU.ActiveCfg = Debug|Any CPU
		{4CB91A7D-F60E-41E5-8132-269896D37ACF}.Debug|Any CPU.Build.0 = Debug|Any CPU
		{4CB91A7D-F60E-41E5-8132-269896D37ACF}.Release|Any CPU.ActiveCfg = Release|Any CPU
		{4CB91A7D-F60E-41E5-8132-269896D37ACF}.Release|Any CPU.Build.0 = Release|Any CPU
		{77CC6308-083E-41E8-B86A-F2809A220048}.Debug|Any CPU.ActiveCfg = Debug|Any CPU
		{77CC6308-083E-41E8-B86A-F2809A220048}.Debug|Any CPU.Build.0 = Debug|Any CPU
		{77CC6308-083E-41E8-B86A-F2809A220048}.Release|Any CPU.ActiveCfg = Release|Any CPU
		{77CC6308-083E-41E8-B86A-F2809A220048}.Release|Any CPU.Build.0 = Release|Any CPU
	EndGlobalSection
EndGlobal
