
Microsoft Visual Studio Solution File, Format Version 12.00
# Visual Studio Version 17
VisualStudioVersion = 17.7.34031.279
MinimumVisualStudioVersion = 10.0.40219.1
Project("{9A19103F-16F7-4668-BE54-9A1E7A4F7556}") = "CitrusPlugin.Win", "CitrusPlugin.Win.csproj", "{928B1B6F-69F5-420A-A4E5-DEF6F596B800}"
EndProject
Project("{9A19103F-16F7-4668-BE54-9A1E7A4F7556}") = "CitrusTypes.Win", "..\CitrusTypes\CitrusTypes.Win.csproj", "{7AC11A3D-15FD-4A04-A705-AAC440D4CDD7}"
EndProject
Global
	GlobalSection(SolutionConfigurationPlatforms) = preSolution
		Debug|Any CPU = Debug|Any CPU
		Develop.Tangerine.Debug|Any CPU = Develop.Tangerine.Debug|Any CPU
		Develop.Tangerine.Release|Any CPU = Develop.Tangerine.Release|Any CPU
		Release|Any CPU = Release|Any CPU
		Tangerine.Debug|Any CPU = Tangerine.Debug|Any CPU
		Tangerine.Release|Any CPU = Tangerine.Release|Any CPU
	EndGlobalSection
	GlobalSection(ProjectConfigurationPlatforms) = postSolution
		{928B1B6F-69F5-420A-A4E5-DEF6F596B800}.Debug|Any CPU.ActiveCfg = Debug|Any CPU
		{928B1B6F-69F5-420A-A4E5-DEF6F596B800}.Debug|Any CPU.Build.0 = Debug|Any CPU
		{928B1B6F-69F5-420A-A4E5-DEF6F596B800}.Develop.Tangerine.Debug|Any CPU.ActiveCfg = Tangerine.Debug|Any CPU
		{928B1B6F-69F5-420A-A4E5-DEF6F596B800}.Develop.Tangerine.Debug|Any CPU.Build.0 = Tangerine.Debug|Any CPU
		{928B1B6F-69F5-420A-A4E5-DEF6F596B800}.Develop.Tangerine.Release|Any CPU.ActiveCfg = Tangerine.Release|Any CPU
		{928B1B6F-69F5-420A-A4E5-DEF6F596B800}.Develop.Tangerine.Release|Any CPU.Build.0 = Tangerine.Release|Any CPU
		{928B1B6F-69F5-420A-A4E5-DEF6F596B800}.Release|Any CPU.ActiveCfg = Release|Any CPU
		{928B1B6F-69F5-420A-A4E5-DEF6F596B800}.Release|Any CPU.Build.0 = Release|Any CPU
		{928B1B6F-69F5-420A-A4E5-DEF6F596B800}.Tangerine.Debug|Any CPU.ActiveCfg = Tangerine.Debug|Any CPU
		{928B1B6F-69F5-420A-A4E5-DEF6F596B800}.Tangerine.Debug|Any CPU.Build.0 = Tangerine.Debug|Any CPU
		{928B1B6F-69F5-420A-A4E5-DEF6F596B800}.Tangerine.Release|Any CPU.ActiveCfg = Tangerine.Release|Any CPU
		{928B1B6F-69F5-420A-A4E5-DEF6F596B800}.Tangerine.Release|Any CPU.Build.0 = Tangerine.Release|Any CPU
		{7AC11A3D-15FD-4A04-A705-AAC440D4CDD7}.Debug|Any CPU.ActiveCfg = Debug|Any CPU
		{7AC11A3D-15FD-4A04-A705-AAC440D4CDD7}.Debug|Any CPU.Build.0 = Debug|Any CPU
		{7AC11A3D-15FD-4A04-A705-AAC440D4CDD7}.Develop.Tangerine.Debug|Any CPU.ActiveCfg = Tangerine.Debug|Any CPU
		{7AC11A3D-15FD-4A04-A705-AAC440D4CDD7}.Develop.Tangerine.Debug|Any CPU.Build.0 = Tangerine.Debug|Any CPU
		{7AC11A3D-15FD-4A04-A705-AAC440D4CDD7}.Develop.Tangerine.Release|Any CPU.ActiveCfg = Tangerine.Release|Any CPU
		{7AC11A3D-15FD-4A04-A705-AAC440D4CDD7}.Develop.Tangerine.Release|Any CPU.Build.0 = Tangerine.Release|Any CPU
		{7AC11A3D-15FD-4A04-A705-AAC440D4CDD7}.Release|Any CPU.ActiveCfg = Release|Any CPU
		{7AC11A3D-15FD-4A04-A705-AAC440D4CDD7}.Release|Any CPU.Build.0 = Release|Any CPU
		{7AC11A3D-15FD-4A04-A705-AAC440D4CDD7}.Tangerine.Debug|Any CPU.ActiveCfg = Tangerine.Debug|Any CPU
		{7AC11A3D-15FD-4A04-A705-AAC440D4CDD7}.Tangerine.Debug|Any CPU.Build.0 = Tangerine.Debug|Any CPU
		{7AC11A3D-15FD-4A04-A705-AAC440D4CDD7}.Tangerine.Release|Any CPU.ActiveCfg = Tangerine.Release|Any CPU
		{7AC11A3D-15FD-4A04-A705-AAC440D4CDD7}.Tangerine.Release|Any CPU.Build.0 = Tangerine.Release|Any CPU
	EndGlobalSection
	GlobalSection(SolutionProperties) = preSolution
		HideSolutionNode = FALSE
	EndGlobalSection
	GlobalSection(ExtensibilityGlobals) = postSolution
		SolutionGuid = {2DE089FF-C695-440E-B246-8880E609CA28}
	EndGlobalSection
EndGlobal
