
Microsoft Visual Studio Solution File, Format Version 12.00
# Visual Studio Version 17
VisualStudioVersion = 17.5.002.0
MinimumVisualStudioVersion = 10.0.40219.1
Project("{9A19103F-16F7-4668-BE54-9A1E7A4F7556}") = "audio_handlers", "audio_handlers.csproj", "{2FEEF18D-20A0-4A15-8640-2C9304B80C32}"
EndProject
Global
	GlobalSection(SolutionConfigurationPlatforms) = preSolution
		Debug|Any CPU = Debug|Any CPU
		Release|Any CPU = Release|Any CPU
	EndGlobalSection
	GlobalSection(ProjectConfigurationPlatforms) = postSolution
		{2FEEF18D-20A0-4A15-8640-2C9304B80C32}.Debug|Any CPU.ActiveCfg = Debug|Any CPU
		{2FEEF18D-20A0-4A15-8640-2C9304B80C32}.Debug|Any CPU.Build.0 = Debug|Any CPU
		{2FEEF18D-20A0-4A15-8640-2C9304B80C32}.Release|Any CPU.ActiveCfg = Release|Any CPU
		{2FEEF18D-20A0-4A15-8640-2C9304B80C32}.Release|Any CPU.Build.0 = Release|Any CPU
	EndGlobalSection
	GlobalSection(SolutionProperties) = preSolution
		HideSolutionNode = FALSE
	EndGlobalSection
	GlobalSection(ExtensibilityGlobals) = postSolution
		SolutionGuid = {8C934510-F96C-4249-A5A6-1BBAB7AA94E6}
	EndGlobalSection
EndGlobal
